
Microsoft Visual Studio Solution File, Format Version 12.00
# Visual Studio Version 16
VisualStudioVersion = 16.0.32929.386
MinimumVisualStudioVersion = 10.0.40219.1
Project("{FAE04EC0-301F-11D3-BF4B-00C04F79EFBC}") = "FirebaseApplication", "FirebaseApplication\FirebaseApplication.csproj", "{C3F9359E-7F7A-4792-A657-03C8722FAEAD}"
EndProject
Global
	GlobalSection(SolutionConfigurationPlatforms) = preSolution
		Debug|Any CPU = Debug|Any CPU
		Release|Any CPU = Release|Any CPU
	EndGlobalSection
	GlobalSection(ProjectConfigurationPlatforms) = postSolution
		{C3F9359E-7F7A-4792-A657-03C8722FAEAD}.Debug|Any CPU.ActiveCfg = Debug|Any CPU
		{C3F9359E-7F7A-4792-A657-03C8722FAEAD}.Debug|Any CPU.Build.0 = Debug|Any CPU
		{C3F9359E-7F7A-4792-A657-03C8722FAEAD}.Release|Any CPU.ActiveCfg = Release|Any CPU
		{C3F9359E-7F7A-4792-A657-03C8722FAEAD}.Release|Any CPU.Build.0 = Release|Any CPU
	EndGlobalSection
	GlobalSection(SolutionProperties) = preSolution
		HideSolutionNode = FALSE
	EndGlobalSection
	GlobalSection(ExtensibilityGlobals) = postSolution
		SolutionGuid = {BF983036-9146-4859-B463-3FA6DF1ABF3D}
	EndGlobalSection
EndGlobal
